
Microsoft Visual Studio Solution File, Format Version 12.00
# Visual Studio Version 16
VisualStudioVersion = 16.0.31205.134
MinimumVisualStudioVersion = 10.0.40219.1
Project("{FAE04EC0-301F-11D3-BF4B-00C04F79EFBC}") = "Escola.WebAPI", "Escola.WebAPI\Escola.WebAPI.csproj", "{BB46EEFD-A8A8-4EC9-8142-CA37354EE642}"
EndProject
Global
	GlobalSection(SolutionConfigurationPlatforms) = preSolution
		Debug|Any CPU = Debug|Any CPU
		Release|Any CPU = Release|Any CPU
	EndGlobalSection
	GlobalSection(ProjectConfigurationPlatforms) = postSolution
		{BB46EEFD-A8A8-4EC9-8142-CA37354EE642}.Debug|Any CPU.ActiveCfg = Debug|Any CPU
		{BB46EEFD-A8A8-4EC9-8142-CA37354EE642}.Debug|Any CPU.Build.0 = Debug|Any CPU
		{BB46EEFD-A8A8-4EC9-8142-CA37354EE642}.Release|Any CPU.ActiveCfg = Release|Any CPU
		{BB46EEFD-A8A8-4EC9-8142-CA37354EE642}.Release|Any CPU.Build.0 = Release|Any CPU
	EndGlobalSection
	GlobalSection(SolutionProperties) = preSolution
		HideSolutionNode = FALSE
	EndGlobalSection
	GlobalSection(ExtensibilityGlobals) = postSolution
		SolutionGuid = {1ED3F58A-FDBD-4961-8ACD-6A74E55AB790}
	EndGlobalSection
EndGlobal
